
Microsoft Visual Studio Solution File, Format Version 12.00
# Visual Studio Version 16
VisualStudioVersion = 16.0.31624.102
MinimumVisualStudioVersion = 10.0.40219.1
Project("{FAE04EC0-301F-11D3-BF4B-00C04F79EFBC}") = "Teste-GIT01", "Teste-GIT01\Teste-GIT01.csproj", "{28381F6E-72CC-46C8-A23B-EE3161815E2A}"
EndProject
Global
	GlobalSection(SolutionConfigurationPlatforms) = preSolution
		Debug|Any CPU = Debug|Any CPU
		Release|Any CPU = Release|Any CPU
	EndGlobalSection
	GlobalSection(ProjectConfigurationPlatforms) = postSolution
		{28381F6E-72CC-46C8-A23B-EE3161815E2A}.Debug|Any CPU.ActiveCfg = Debug|Any CPU
		{28381F6E-72CC-46C8-A23B-EE3161815E2A}.Debug|Any CPU.Build.0 = Debug|Any CPU
		{28381F6E-72CC-46C8-A23B-EE3161815E2A}.Release|Any CPU.ActiveCfg = Release|Any CPU
		{28381F6E-72CC-46C8-A23B-EE3161815E2A}.Release|Any CPU.Build.0 = Release|Any CPU
	EndGlobalSection
	GlobalSection(SolutionProperties) = preSolution
		HideSolutionNode = FALSE
	EndGlobalSection
	GlobalSection(ExtensibilityGlobals) = postSolution
		SolutionGuid = {6D7930B6-4A85-4EA8-80D9-AFF0ED350B06}
	EndGlobalSection
EndGlobal
